
Microsoft Visual Studio Solution File, Format Version 12.00
# Visual Studio 15
Project("{FAE04EC0-301F-11D3-BF4B-00C04F79EFBC}") = "FoodTruckLocationsMap", "FoodTruckLocationsMap\FoodTruckLocationsMap.csproj", "{23AF2F5E-8EBE-4F35-850F-1390B71F28F0}"
EndProject
Global
	GlobalSection(SolutionConfigurationPlatforms) = preSolution
		Debug|Any CPU = Debug|Any CPU
		Release|Any CPU = Release|Any CPU
	EndGlobalSection
	GlobalSection(ProjectConfigurationPlatforms) = postSolution
		{23AF2F5E-8EBE-4F35-850F-1390B71F28F0}.Debug|Any CPU.ActiveCfg = Debug|Any CPU
		{23AF2F5E-8EBE-4F35-850F-1390B71F28F0}.Debug|Any CPU.Build.0 = Debug|Any CPU
		{23AF2F5E-8EBE-4F35-850F-1390B71F28F0}.Release|Any CPU.ActiveCfg = Release|Any CPU
		{23AF2F5E-8EBE-4F35-850F-1390B71F28F0}.Release|Any CPU.Build.0 = Release|Any CPU
	EndGlobalSection
EndGlobal
